// !$*UTF8*$!
{
	archiveVersion = 1;
	classes = {
	};
	objectVersion = 50;
	objects = {

/* Begin PBXBuildFile section */
		04E05A9A26246F31006A1131 /* AppDelegate.swift in Sources */ = {isa = PBXBuildFile; fileRef = 04E05A9926246F30006A1131 /* AppDelegate.swift */; };
		04E05A9E26246F31006A1131 /* HotNewsViewController.swift in Sources */ = {isa = PBXBuildFile; fileRef = 04E05A9D26246F31006A1131 /* HotNewsViewController.swift */; };
		04E05AA126246F31006A1131 /* Main.storyboard in Resources */ = {isa = PBXBuildFile; fileRef = 04E05A9F26246F31006A1131 /* Main.storyboard */; };
		04E05AA326246F35006A1131 /* Assets.xcassets in Resources */ = {isa = PBXBuildFile; fileRef = 04E05AA226246F35006A1131 /* Assets.xcassets */; };
		04E05AA626246F35006A1131 /* LaunchScreen.storyboard in Resources */ = {isa = PBXBuildFile; fileRef = 04E05AA426246F35006A1131 /* LaunchScreen.storyboard */; };
		04E05ACD2624948C006A1131 /* NetworkManager.swift in Sources */ = {isa = PBXBuildFile; fileRef = 04E05ACC2624948C006A1131 /* NetworkManager.swift */; };
		04ED10802624A3D3004F57ED /* NetworkModel.swift in Sources */ = {isa = PBXBuildFile; fileRef = 04ED107F2624A3D3004F57ED /* NetworkModel.swift */; };
		04ED10842624C000004F57ED /* DataManager.swift in Sources */ = {isa = PBXBuildFile; fileRef = 04ED10832624C000004F57ED /* DataManager.swift */; };
		04ED10872624C03B004F57ED /* CellModel.swift in Sources */ = {isa = PBXBuildFile; fileRef = 04ED10862624C03B004F57ED /* CellModel.swift */; };
		04ED108B2624C4A4004F57ED /* ImageManager.swift in Sources */ = {isa = PBXBuildFile; fileRef = 04ED108A2624C4A4004F57ED /* ImageManager.swift */; };
/* End PBXBuildFile section */

/* Begin PBXFileReference section */
		04E05A9626246F30006A1131 /* TestTask.app */ = {isa = PBXFileReference; explicitFileType = wrapper.application; includeInIndex = 0; path = TestTask.app; sourceTree = BUILT_PRODUCTS_DIR; };
		04E05A9926246F30006A1131 /* AppDelegate.swift */ = {isa = PBXFileReference; lastKnownFileType = sourcecode.swift; path = AppDelegate.swift; sourceTree = "<group>"; };
		04E05A9D26246F31006A1131 /* HotNewsViewController.swift */ = {isa = PBXFileReference; lastKnownFileType = sourcecode.swift; path = HotNewsViewController.swift; sourceTree = "<group>"; };
		04E05AA026246F31006A1131 /* Base */ = {isa = PBXFileReference; lastKnownFileType = file.storyboard; name = Base; path = Base.lproj/Main.storyboard; sourceTree = "<group>"; };
		04E05AA226246F35006A1131 /* Assets.xcassets */ = {isa = PBXFileReference; lastKnownFileType = folder.assetcatalog; path = Assets.xcassets; sourceTree = "<group>"; };
		04E05AA526246F35006A1131 /* Base */ = {isa = PBXFileReference; lastKnownFileType = file.storyboard; name = Base; path = Base.lproj/LaunchScreen.storyboard; sourceTree = "<group>"; };
		04E05AA726246F35006A1131 /* Info.plist */ = {isa = PBXFileReference; lastKnownFileType = text.plist.xml; path = Info.plist; sourceTree = "<group>"; };
		04E05ACC2624948C006A1131 /* NetworkManager.swift */ = {isa = PBXFileReference; lastKnownFileType = sourcecode.swift; path = NetworkManager.swift; sourceTree = "<group>"; };
		04ED107F2624A3D3004F57ED /* NetworkModel.swift */ = {isa = PBXFileReference; lastKnownFileType = sourcecode.swift; path = NetworkModel.swift; sourceTree = "<group>"; };
		04ED10832624C000004F57ED /* DataManager.swift */ = {isa = PBXFileReference; lastKnownFileType = sourcecode.swift; path = DataManager.swift; sourceTree = "<group>"; };
		04ED10862624C03B004F57ED /* CellModel.swift */ = {isa = PBXFileReference; lastKnownFileType = sourcecode.swift; path = CellModel.swift; sourceTree = "<group>"; };
		04ED108A2624C4A4004F57ED /* ImageManager.swift */ = {isa = PBXFileReference; fileEncoding = 4; lastKnownFileType = sourcecode.swift; path = ImageManager.swift; sourceTree = "<group>"; };
/* End PBXFileReference section */

/* Begin PBXFrameworksBuildPhase section */
		04E05A9326246F30006A1131 /* Frameworks */ = {
			isa = PBXFrameworksBuildPhase;
			buildActionMask = 2147483647;
			files = (
			);
			runOnlyForDeploymentPostprocessing = 0;
		};
/* End PBXFrameworksBuildPhase section */

/* Begin PBXGroup section */
		04E05A8D26246F30006A1131 = {
			isa = PBXGroup;
			children = (
				04ED10832624C000004F57ED /* DataManager.swift */,
				04E05ACC2624948C006A1131 /* NetworkManager.swift */,
				04ED108A2624C4A4004F57ED /* ImageManager.swift */,
				04E05A9826246F30006A1131 /* TestTask */,
				04E05A9726246F30006A1131 /* Products */,
			);
			sourceTree = "<group>";
		};
		04E05A9726246F30006A1131 /* Products */ = {
			isa = PBXGroup;
			children = (
				04E05A9626246F30006A1131 /* TestTask.app */,
			);
			name = Products;
			sourceTree = "<group>";
		};
		04E05A9826246F30006A1131 /* TestTask */ = {
			isa = PBXGroup;
			children = (
				04E05AB726247092006A1131 /* Helpers */,
				04E05AB626247087006A1131 /* Models */,
				04E05AB52624707F006A1131 /* Views */,
				04E05AB326247071006A1131 /* ViewControllers */,
				04E05AB22624705C006A1131 /* Storyboards */,
				04E05AB026247031006A1131 /* Resources */,
				04E05AB126247050006A1131 /* App */,
			);
			path = TestTask;
			sourceTree = "<group>";
		};
		04E05AB026247031006A1131 /* Resources */ = {
			isa = PBXGroup;
			children = (
				04E05AA226246F35006A1131 /* Assets.xcassets */,
			);
			path = Resources;
			sourceTree = "<group>";
		};
		04E05AB126247050006A1131 /* App */ = {
			isa = PBXGroup;
			children = (
				04E05A9926246F30006A1131 /* AppDelegate.swift */,
				04E05AA726246F35006A1131 /* Info.plist */,
			);
			path = App;
			sourceTree = "<group>";
		};
		04E05AB22624705C006A1131 /* Storyboards */ = {
			isa = PBXGroup;
			children = (
				04E05A9F26246F31006A1131 /* Main.storyboard */,
				04E05AA426246F35006A1131 /* LaunchScreen.storyboard */,
			);
			path = Storyboards;
			sourceTree = "<group>";
		};
		04E05AB326247071006A1131 /* ViewControllers */ = {
			isa = PBXGroup;
			children = (
				04E05A9D26246F31006A1131 /* HotNewsViewController.swift */,
			);
			path = ViewControllers;
			sourceTree = "<group>";
		};
		04E05AB52624707F006A1131 /* Views */ = {
			isa = PBXGroup;
			children = (
			);
			path = Views;
			sourceTree = "<group>";
		};
		04E05AB626247087006A1131 /* Models */ = {
			isa = PBXGroup;
			children = (
				04ED107F2624A3D3004F57ED /* NetworkModel.swift */,
				04ED10862624C03B004F57ED /* CellModel.swift */,
			);
			path = Models;
			sourceTree = "<group>";
		};
		04E05AB726247092006A1131 /* Helpers */ = {
			isa = PBXGroup;
			children = (
			);
			path = Helpers;
			sourceTree = "<group>";
		};
/* End PBXGroup section */

/* Begin PBXNativeTarget section */
		04E05A9526246F30006A1131 /* TestTask */ = {
			isa = PBXNativeTarget;
			buildConfigurationList = 04E05AAA26246F35006A1131 /* Build configuration list for PBXNativeTarget "TestTask" */;
			buildPhases = (
				04E05A9226246F30006A1131 /* Sources */,
				04E05A9326246F30006A1131 /* Frameworks */,
				04E05A9426246F30006A1131 /* Resources */,
			);
			buildRules = (
			);
			dependencies = (
			);
			name = TestTask;
			productName = TestTask;
			productReference = 04E05A9626246F30006A1131 /* TestTask.app */;
			productType = "com.apple.product-type.application";
		};
/* End PBXNativeTarget section */

/* Begin PBXProject section */
		04E05A8E26246F30006A1131 /* Project object */ = {
			isa = PBXProject;
			attributes = {
				LastSwiftUpdateCheck = 1240;
				LastUpgradeCheck = 1240;
				TargetAttributes = {
					04E05A9526246F30006A1131 = {
						CreatedOnToolsVersion = 12.4;
					};
				};
			};
			buildConfigurationList = 04E05A9126246F30006A1131 /* Build configuration list for PBXProject "TestTask" */;
			compatibilityVersion = "Xcode 9.3";
			developmentRegion = en;
			hasScannedForEncodings = 0;
			knownRegions = (
				en,
				Base,
			);
			mainGroup = 04E05A8D26246F30006A1131;
			productRefGroup = 04E05A9726246F30006A1131 /* Products */;
			projectDirPath = "";
			projectRoot = "";
			targets = (
				04E05A9526246F30006A1131 /* TestTask */,
			);
		};
/* End PBXProject section */

/* Begin PBXResourcesBuildPhase section */
		04E05A9426246F30006A1131 /* Resources */ = {
			isa = PBXResourcesBuildPhase;
			buildActionMask = 2147483647;
			files = (
				04E05AA626246F35006A1131 /* LaunchScreen.storyboard in Resources */,
				04E05AA326246F35006A1131 /* Assets.xcassets in Resources */,
				04E05AA126246F31006A1131 /* Main.storyboard in Resources */,
			);
			runOnlyForDeploymentPostprocessing = 0;
		};
/* End PBXResourcesBuildPhase section */

/* Begin PBXSourcesBuildPhase section */
		04E05A9226246F30006A1131 /* Sources */ = {
			isa = PBXSourcesBuildPhase;
			buildActionMask = 2147483647;
			files = (
				04E05ACD2624948C006A1131 /* NetworkManager.swift in Sources */,
				04ED10842624C000004F57ED /* DataManager.swift in Sources */,
				04ED108B2624C4A4004F57ED /* ImageManager.swift in Sources */,
				04E05A9E26246F31006A1131 /* HotNewsViewController.swift in Sources */,
				04ED10802624A3D3004F57ED /* NetworkModel.swift in Sources */,
				04E05A9A26246F31006A1131 /* AppDelegate.swift in Sources */,
				04ED10872624C03B004F57ED /* CellModel.swift in Sources */,
			);
			runOnlyForDeploymentPostprocessing = 0;
		};
/* End PBXSourcesBuildPhase section */

/* Begin PBXVariantGroup section */
		04E05A9F26246F31006A1131 /* Main.storyboard */ = {
			isa = PBXVariantGroup;
			children = (
				04E05AA026246F31006A1131 /* Base */,
			);
			name = Main.storyboard;
			sourceTree = "<group>";
		};
		04E05AA426246F35006A1131 /* LaunchScreen.storyboard */ = {
			isa = PBXVariantGroup;
			children = (
				04E05AA526246F35006A1131 /* Base */,
			);
			name = LaunchScreen.storyboard;
			sourceTree = "<group>";
		};
/* End PBXVariantGroup section */

/* Begin XCBuildConfiguration section */
		04E05AA826246F35006A1131 /* Debug */ = {
			isa = XCBuildConfiguration;
			buildSettings = {
				ALWAYS_SEARCH_USER_PATHS = NO;
				CLANG_ANALYZER_NONNULL = YES;
				CLANG_ANALYZER_NUMBER_OBJECT_CONVERSION = YES_AGGRESSIVE;
				CLANG_CXX_LANGUAGE_STANDARD = "gnu++14";
				CLANG_CXX_LIBRARY = "libc++";
				CLANG_ENABLE_MODULES = YES;
				CLANG_ENABLE_OBJC_ARC = YES;
				CLANG_ENABLE_OBJC_WEAK = YES;
				CLANG_WARN_BLOCK_CAPTURE_AUTORELEASING = YES;
				CLANG_WARN_BOOL_CONVERSION = YES;
				CLANG_WARN_COMMA = YES;
				CLANG_WARN_CONSTANT_CONVERSION = YES;
				CLANG_WARN_DEPRECATED_OBJC_IMPLEMENTATIONS = YES;
				CLANG_WARN_DIRECT_OBJC_ISA_USAGE = YES_ERROR;
				CLANG_WARN_DOCUMENTATION_COMMENTS = YES;
				CLANG_WARN_EMPTY_BODY = YES;
				CLANG_WARN_ENUM_CONVERSION = YES;
				CLANG_WARN_INFINITE_RECURSION = YES;
				CLANG_WARN_INT_CONVERSION = YES;
				CLANG_WARN_NON_LITERAL_NULL_CONVERSION = YES;
				CLANG_WARN_OBJC_IMPLICIT_RETAIN_SELF = YES;
				CLANG_WARN_OBJC_LITERAL_CONVERSION = YES;
				CLANG_WARN_OBJC_ROOT_CLASS = YES_ERROR;
				CLANG_WARN_QUOTED_INCLUDE_IN_FRAMEWORK_HEADER = YES;
				CLANG_WARN_RANGE_LOOP_ANALYSIS = YES;
				CLANG_WARN_STRICT_PROTOTYPES = YES;
				CLANG_WARN_SUSPICIOUS_MOVE = YES;
				CLANG_WARN_UNGUARDED_AVAILABILITY = YES_AGGRESSIVE;
				CLANG_WARN_UNREACHABLE_CODE = YES;
				CLANG_WARN__DUPLICATE_METHOD_MATCH = YES;
				COPY_PHASE_STRIP = NO;
				DEBUG_INFORMATION_FORMAT = dwarf;
				ENABLE_STRICT_OBJC_MSGSEND = YES;
				ENABLE_TESTABILITY = YES;
				GCC_C_LANGUAGE_STANDARD = gnu11;
				GCC_DYNAMIC_NO_PIC = NO;
				GCC_NO_COMMON_BLOCKS = YES;
				GCC_OPTIMIZATION_LEVEL = 0;
				GCC_PREPROCESSOR_DEFINITIONS = (
					"DEBUG=1",
					"$(inherited)",
				);
				GCC_WARN_64_TO_32_BIT_CONVERSION = YES;
				GCC_WARN_ABOUT_RETURN_TYPE = YES_ERROR;
				GCC_WARN_UNDECLARED_SELECTOR = YES;
				GCC_WARN_UNINITIALIZED_AUTOS = YES_AGGRESSIVE;
				GCC_WARN_UNUSED_FUNCTION = YES;
				GCC_WARN_UNUSED_VARIABLE = YES;
				IPHONEOS_DEPLOYMENT_TARGET = 14.4;
				MTL_ENABLE_DEBUG_INFO = INCLUDE_SOURCE;
				MTL_FAST_MATH = YES;
				ONLY_ACTIVE_ARCH = YES;
				SDKROOT = iphoneos;
				SWIFT_ACTIVE_COMPILATION_CONDITIONS = DEBUG;
				SWIFT_OPTIMIZATION_LEVEL = "-Onone";
			};
			name = Debug;
		};
		04E05AA926246F35006A1131 /* Release */ = {
			isa = XCBuildConfiguration;
			buildSettings = {
				ALWAYS_SEARCH_USER_PATHS = NO;
				CLANG_ANALYZER_NONNULL = YES;
				CLANG_ANALYZER_NUMBER_OBJECT_CONVERSION = YES_AGGRESSIVE;
				CLANG_CXX_LANGUAGE_STANDARD = "gnu++14";
				CLANG_CXX_LIBRARY = "libc++";
				CLANG_ENABLE_MODULES = YES;
				CLANG_ENABLE_OBJC_ARC = YES;
				CLANG_ENABLE_OBJC_WEAK = YES;
				CLANG_WARN_BLOCK_CAPTURE_AUTORELEASING = YES;
				CLANG_WARN_BOOL_CONVERSION = YES;
				CLANG_WARN_COMMA = YES;
				CLANG_WARN_CONSTANT_CONVERSION = YES;
				CLANG_WARN_DEPRECATED_OBJC_IMPLEMENTATIONS = YES;
				CLANG_WARN_DIRECT_OBJC_ISA_USAGE = YES_ERROR;
				CLANG_WARN_DOCUMENTATION_COMMENTS = YES;
				CLANG_WARN_EMPTY_BODY = YES;
				CLANG_WARN_ENUM_CONVERSION = YES;
				CLANG_WARN_INFINITE_RECURSION = YES;
				CLANG_WARN_INT_CONVERSION = YES;
				CLANG_WARN_NON_LITERAL_NULL_CONVERSION = YES;
				CLANG_WARN_OBJC_IMPLICIT_RETAIN_SELF = YES;
				CLANG_WARN_OBJC_LITERAL_CONVERSION = YES;
				CLANG_WARN_OBJC_ROOT_CLASS = YES_ERROR;
				CLANG_WARN_QUOTED_INCLUDE_IN_FRAMEWORK_HEADER = YES;
				CLANG_WARN_RANGE_LOOP_ANALYSIS = YES;
				CLANG_WARN_STRICT_PROTOTYPES = YES;
				CLANG_WARN_SUSPICIOUS_MOVE = YES;
				CLANG_WARN_UNGUARDED_AVAILABILITY = YES_AGGRESSIVE;
				CLANG_WARN_UNREACHABLE_CODE = YES;
				CLANG_WARN__DUPLICATE_METHOD_MATCH = YES;
				COPY_PHASE_STRIP = NO;
				DEBUG_INFORMATION_FORMAT = "dwarf-with-dsym";
				ENABLE_NS_ASSERTIONS = NO;
				ENABLE_STRICT_OBJC_MSGSEND = YES;
				GCC_C_LANGUAGE_STANDARD = gnu11;
				GCC_NO_COMMON_BLOCKS = YES;
				GCC_WARN_64_TO_32_BIT_CONVERSION = YES;
				GCC_WARN_ABOUT_RETURN_TYPE = YES_ERROR;
				GCC_WARN_UNDECLARED_SELECTOR = YES;
				GCC_WARN_UNINITIALIZED_AUTOS = YES_AGGRESSIVE;
				GCC_WARN_UNUSED_FUNCTION = YES;
				GCC_WARN_UNUSED_VARIABLE = YES;
				IPHONEOS_DEPLOYMENT_TARGET = 14.4;
				MTL_ENABLE_DEBUG_INFO = NO;
				MTL_FAST_MATH = YES;
				SDKROOT = iphoneos;
				SWIFT_COMPILATION_MODE = wholemodule;
				SWIFT_OPTIMIZATION_LEVEL = "-O";
				VALIDATE_PRODUCT = YES;
			};
			name = Release;
		};
		04E05AAB26246F35006A1131 /* Debug */ = {
			isa = XCBuildConfiguration;
			buildSettings = {
				ASSETCATALOG_COMPILER_APPICON_NAME = AppIcon;
				ASSETCATALOG_COMPILER_GLOBAL_ACCENT_COLOR_NAME = AccentColor;
				CODE_SIGN_STYLE = Automatic;
				DEVELOPMENT_TEAM = BPEE3XNZ22;
				INFOPLIST_FILE = TestTask/App/Info.plist;
				IPHONEOS_DEPLOYMENT_TARGET = 12.3;
				LD_RUNPATH_SEARCH_PATHS = (
					"$(inherited)",
					"@executable_path/Frameworks",
				);
				PRODUCT_BUNDLE_IDENTIFIER = "Stanislav-Teslenko.TestTask";
				PRODUCT_NAME = "$(TARGET_NAME)";
				SWIFT_VERSION = 5.0;
				TARGETED_DEVICE_FAMILY = 1;
			};
			name = Debug;
		};
		04E05AAC26246F35006A1131 /* Release */ = {
			isa = XCBuildConfiguration;
			buildSettings = {
				ASSETCATALOG_COMPILER_APPICON_NAME = AppIcon;
				ASSETCATALOG_COMPILER_GLOBAL_ACCENT_COLOR_NAME = AccentColor;
				CODE_SIGN_STYLE = Automatic;
				DEVELOPMENT_TEAM = BPEE3XNZ22;
				INFOPLIST_FILE = TestTask/App/Info.plist;
				IPHONEOS_DEPLOYMENT_TARGET = 12.3;
				LD_RUNPATH_SEARCH_PATHS = (
					"$(inherited)",
					"@executable_path/Frameworks",
				);
				PRODUCT_BUNDLE_IDENTIFIER = "Stanislav-Teslenko.TestTask";
				PRODUCT_NAME = "$(TARGET_NAME)";
				SWIFT_VERSION = 5.0;
				TARGETED_DEVICE_FAMILY = 1;
			};
			name = Release;
		};
/* End XCBuildConfiguration section */

/* Begin XCConfigurationList section */
		04E05A9126246F30006A1131 /* Build configuration list for PBXProject "TestTask" */ = {
			isa = XCConfigurationList;
			buildConfigurations = (
				04E05AA826246F35006A1131 /* Debug */,
				04E05AA926246F35006A1131 /* Release */,
			);
			defaultConfigurationIsVisible = 0;
			defaultConfigurationName = Release;
		};
		04E05AAA26246F35006A1131 /* Build configuration list for PBXNativeTarget "TestTask" */ = {
			isa = XCConfigurationList;
			buildConfigurations = (
				04E05AAB26246F35006A1131 /* Debug */,
				04E05AAC26246F35006A1131 /* Release */,
			);
			defaultConfigurationIsVisible = 0;
			defaultConfigurationName = Release;
		};
/* End XCConfigurationList section */
	};
	rootObject = 04E05A8E26246F30006A1131 /* Project object */;
}
